<?xml version="1.0" encoding="utf-8"?>
<Project ToolsVersion="4.0" xmlns="http://schemas.microsoft.com/developer/msbuild/2003">
  <ItemGroup>
    <Filter Include="源文件">
      <UniqueIdentifier>{4FC737F1-C7A5-4376-A066-2A32D752A2FF}</UniqueIdentifier>
      <Extensions>cpp;c;cc;cxx;def;odl;idl;hpj;bat;asm;asmx</Extensions>
    </Filter>
    <Filter Include="头文件">
      <UniqueIdentifier>{93995380-89BD-4b04-88EB-625FBE52EBFB}</UniqueIdentifier>
      <Extensions>h;hh;hpp;hxx;hm;inl;inc;xsd</Extensions>
    </Filter>
    <Filter Include="资源文件">
      <UniqueIdentifier>{67DA6AB6-F800-4c08-8B7A-83BB121AAD01}</UniqueIdentifier>
      <Extensions>rc;ico;cur;bmp;dlg;rc2;rct;bin;rgs;gif;jpg;jpeg;jpe;resx;tiff;tif;png;wav;mfcribbon-ms</Extensions>
    </Filter>
  </ItemGroup>
  <ItemGroup>
    <Text Include="ReadMe.txt" />
  </ItemGroup>
  <ItemGroup>
    <ClInclude Include="ArcRobot.h">
      <Filter>头文件</Filter>
    </ClInclude>
    <ClInclude Include="ArcRobotDlg.h">
      <Filter>头文件</Filter>
    </ClInclude>
    <ClInclude Include="stdafx.h">
      <Filter>头文件</Filter>
    </ClInclude>
    <ClInclude Include="targetver.h">
      <Filter>头文件</Filter>
    </ClInclude>
    <ClInclude Include="Resource.h">
      <Filter>头文件</Filter>
    </ClInclude>
    <ClInclude Include="ABBSocketCommunication.h">
      <Filter>头文件</Filter>
    </ClInclude>
    <ClInclude Include="ProcessLog.h">
      <Filter>头文件</Filter>
    </ClInclude>
    <ClInclude Include="mathClass.h">
      <Filter>头文件</Filter>
    </ClInclude>
    <ClInclude Include="PosSeqDialog.h">
      <Filter>头文件</Filter>
    </ClInclude>
    <ClInclude Include="ScanDialog.h">
      <Filter>头文件</Filter>
    </ClInclude>
    <ClInclude Include="calibration.h">
      <Filter>头文件</Filter>
    </ClInclude>
    <ClInclude Include="CalibrationDlg.h">
      <Filter>头文件</Filter>
    </ClInclude>
    <ClInclude Include="CalPos.h">
      <Filter>头文件</Filter>
    </ClInclude>
    <ClInclude Include="glDisplay.h">
      <Filter>头文件</Filter>
    </ClInclude>
    <ClInclude Include="Simulation.h">
      <Filter>头文件</Filter>
    </ClInclude>
    <ClInclude Include="Matrix4D.h">
      <Filter>头文件</Filter>
    </ClInclude>
    <ClInclude Include="Position3D.h">
      <Filter>头文件</Filter>
    </ClInclude>
    <ClInclude Include="Vector3D.h">
      <Filter>头文件</Filter>
    </ClInclude>
    <ClInclude Include="SensorCommunicate.h">
      <Filter>头文件</Filter>
    </ClInclude>
  </ItemGroup>
  <ItemGroup>
    <ClCompile Include="ArcRobot.cpp">
      <Filter>源文件</Filter>
    </ClCompile>
    <ClCompile Include="ArcRobotDlg.cpp">
      <Filter>源文件</Filter>
    </ClCompile>
    <ClCompile Include="stdafx.cpp">
      <Filter>源文件</Filter>
    </ClCompile>
    <ClCompile Include="ABBSocketCommunication.cpp">
      <Filter>源文件</Filter>
    </ClCompile>
    <ClCompile Include="mathClass.cpp">
      <Filter>源文件</Filter>
    </ClCompile>
    <ClCompile Include="PosSeqDialog.cpp">
      <Filter>源文件</Filter>
    </ClCompile>
    <ClCompile Include="ScanDialog.cpp">
      <Filter>源文件</Filter>
    </ClCompile>
    <ClCompile Include="calibration.cpp">
      <Filter>源文件</Filter>
    </ClCompile>
    <ClCompile Include="CalibrationDlg.cpp">
      <Filter>源文件</Filter>
    </ClCompile>
    <ClCompile Include="CalPos.cpp">
      <Filter>源文件</Filter>
    </ClCompile>
    <ClCompile Include="glDisplay.cpp">
      <Filter>源文件</Filter>
    </ClCompile>
    <ClCompile Include="Simulation.cpp">
      <Filter>源文件</Filter>
    </ClCompile>
    <ClCompile Include="Matrix4D.cpp">
      <Filter>源文件</Filter>
    </ClCompile>
    <ClCompile Include="Position3D.cpp">
      <Filter>源文件</Filter>
    </ClCompile>
    <ClCompile Include="Vector3D.cpp">
      <Filter>源文件</Filter>
    </ClCompile>
    <ClCompile Include="SensorCommunicate.cpp">
      <Filter>源文件</Filter>
    </ClCompile>
  </ItemGroup>
  <ItemGroup>
    <ResourceCompile Include="ArcRobot.rc">
      <Filter>资源文件</Filter>
    </ResourceCompile>
  </ItemGroup>
  <ItemGroup>
    <None Include="res\ArcRobot.rc2">
      <Filter>资源文件</Filter>
    </None>
  </ItemGroup>
  <ItemGroup>
    <Image Include="res\ArcRobot.ico">
      <Filter>资源文件</Filter>
    </Image>
  </ItemGroup>
</Project>